
Microsoft Visual Studio Solution File, Format Version 12.00
Project("{FAE04EC0-301F-11D3-BF4B-00C04F79EFBC}") = "UnitTestModule", "UnitTestModule\UnitTestModule.csproj", "{1361F9F1-6143-4CB4-8A81-9E2976FD5262}"
EndProject
Project("{FAE04EC0-301F-11D3-BF4B-00C04F79EFBC}") = "UnitTestModuleTests", "UnitTestModuleTests\UnitTestModuleTests.csproj", "{66D55C53-78B1-4E64-82A6-16DAD70AFA8D}"
EndProject
Global
	GlobalSection(SolutionConfigurationPlatforms) = preSolution
		Debug|Any CPU = Debug|Any CPU
		Release|Any CPU = Release|Any CPU
	EndGlobalSection
	GlobalSection(ProjectConfigurationPlatforms) = postSolution
		{1361F9F1-6143-4CB4-8A81-9E2976FD5262}.Debug|Any CPU.ActiveCfg = Debug|Any CPU
		{1361F9F1-6143-4CB4-8A81-9E2976FD5262}.Debug|Any CPU.Build.0 = Debug|Any CPU
		{1361F9F1-6143-4CB4-8A81-9E2976FD5262}.Release|Any CPU.ActiveCfg = Release|Any CPU
		{1361F9F1-6143-4CB4-8A81-9E2976FD5262}.Release|Any CPU.Build.0 = Release|Any CPU
		{66D55C53-78B1-4E64-82A6-16DAD70AFA8D}.Debug|Any CPU.ActiveCfg = Debug|Any CPU
		{66D55C53-78B1-4E64-82A6-16DAD70AFA8D}.Debug|Any CPU.Build.0 = Debug|Any CPU
		{66D55C53-78B1-4E64-82A6-16DAD70AFA8D}.Release|Any CPU.ActiveCfg = Release|Any CPU
		{66D55C53-78B1-4E64-82A6-16DAD70AFA8D}.Release|Any CPU.Build.0 = Release|Any CPU
	EndGlobalSection
EndGlobal
