
Microsoft Visual Studio Solution File, Format Version 12.00
Project("{FAE04EC0-301F-11D3-BF4B-00C04F79EFBC}") = "UnitTestChallenge", "UnitTestChallenge\UnitTestChallenge.csproj", "{7370AAD5-1E2A-44B8-B92F-32558FD1E6AF}"
EndProject
Project("{FAE04EC0-301F-11D3-BF4B-00C04F79EFBC}") = "UnitTestChallengeTests", "UnitTestChallengeTests\UnitTestChallengeTests.csproj", "{39BE64CE-A15A-40FB-9AC5-FE40DC494026}"
EndProject
Global
	GlobalSection(SolutionConfigurationPlatforms) = preSolution
		Debug|Any CPU = Debug|Any CPU
		Release|Any CPU = Release|Any CPU
	EndGlobalSection
	GlobalSection(ProjectConfigurationPlatforms) = postSolution
		{7370AAD5-1E2A-44B8-B92F-32558FD1E6AF}.Debug|Any CPU.ActiveCfg = Debug|Any CPU
		{7370AAD5-1E2A-44B8-B92F-32558FD1E6AF}.Debug|Any CPU.Build.0 = Debug|Any CPU
		{7370AAD5-1E2A-44B8-B92F-32558FD1E6AF}.Release|Any CPU.ActiveCfg = Release|Any CPU
		{7370AAD5-1E2A-44B8-B92F-32558FD1E6AF}.Release|Any CPU.Build.0 = Release|Any CPU
		{39BE64CE-A15A-40FB-9AC5-FE40DC494026}.Debug|Any CPU.ActiveCfg = Debug|Any CPU
		{39BE64CE-A15A-40FB-9AC5-FE40DC494026}.Debug|Any CPU.Build.0 = Debug|Any CPU
		{39BE64CE-A15A-40FB-9AC5-FE40DC494026}.Release|Any CPU.ActiveCfg = Release|Any CPU
		{39BE64CE-A15A-40FB-9AC5-FE40DC494026}.Release|Any CPU.Build.0 = Release|Any CPU
	EndGlobalSection
EndGlobal
